
Microsoft Visual Studio Solution File, Format Version 12.00
# Visual Studio 15
VisualStudioVersion = 15.0.28307.1433
MinimumVisualStudioVersion = 10.0.40219.1
Project("{FAE04EC0-301F-11D3-BF4B-00C04F79EFBC}") = "MatCalc", "MatCalc\MatCalc.csproj", "{FD8F2DBB-01A8-4D42-A24C-8C2FA6F5283C}"
EndProject
Global
	GlobalSection(SolutionConfigurationPlatforms) = preSolution
		Debug|Any CPU = Debug|Any CPU
		Release|Any CPU = Release|Any CPU
	EndGlobalSection
	GlobalSection(ProjectConfigurationPlatforms) = postSolution
		{FD8F2DBB-01A8-4D42-A24C-8C2FA6F5283C}.Debug|Any CPU.ActiveCfg = Debug|Any CPU
		{FD8F2DBB-01A8-4D42-A24C-8C2FA6F5283C}.Debug|Any CPU.Build.0 = Debug|Any CPU
		{FD8F2DBB-01A8-4D42-A24C-8C2FA6F5283C}.Release|Any CPU.ActiveCfg = Release|Any CPU
		{FD8F2DBB-01A8-4D42-A24C-8C2FA6F5283C}.Release|Any CPU.Build.0 = Release|Any CPU
	EndGlobalSection
	GlobalSection(SolutionProperties) = preSolution
		HideSolutionNode = FALSE
	EndGlobalSection
	GlobalSection(ExtensibilityGlobals) = postSolution
		SolutionGuid = {930D05C6-E18F-45F0-8422-E37962DE96FA}
	EndGlobalSection
EndGlobal
